
Microsoft Visual Studio Solution File, Format Version 12.00
# Visual Studio Version 16
VisualStudioVersion = 16.0.30225.117
MinimumVisualStudioVersion = 10.0.40219.1
Project("{FAE04EC0-301F-11D3-BF4B-00C04F79EFBC}") = "TriggerMSFlow", "TriggerMSFlow\TriggerMSFlow.csproj", "{23BE01F1-198A-44F7-A22D-007183EDBA63}"
EndProject
Global
	GlobalSection(SolutionConfigurationPlatforms) = preSolution
		Debug|Any CPU = Debug|Any CPU
		Release|Any CPU = Release|Any CPU
	EndGlobalSection
	GlobalSection(ProjectConfigurationPlatforms) = postSolution
		{23BE01F1-198A-44F7-A22D-007183EDBA63}.Debug|Any CPU.ActiveCfg = Debug|Any CPU
		{23BE01F1-198A-44F7-A22D-007183EDBA63}.Debug|Any CPU.Build.0 = Debug|Any CPU
		{23BE01F1-198A-44F7-A22D-007183EDBA63}.Release|Any CPU.ActiveCfg = Release|Any CPU
		{23BE01F1-198A-44F7-A22D-007183EDBA63}.Release|Any CPU.Build.0 = Release|Any CPU
	EndGlobalSection
	GlobalSection(SolutionProperties) = preSolution
		HideSolutionNode = FALSE
	EndGlobalSection
	GlobalSection(ExtensibilityGlobals) = postSolution
		SolutionGuid = {6C75C783-B4DB-4586-B2A6-E3F105037728}
	EndGlobalSection
EndGlobal
